// !$*UTF8*$!
{
	archiveVersion = 1;
	classes = {
	};
	objectVersion = 46;
	objects = {

/* Begin PBXBuildFile section */
		53D73DD20E561EA6253260D0 /* libPods-WGMaplyGPkgTest.a in Frameworks */ = {isa = PBXBuildFile; fileRef = 7035D2E3588AEB66A14C7E74 /* libPods-WGMaplyGPkgTest.a */; };
		E5190A5F1D49B5A7003130E2 /* map_pin.png in Resources */ = {isa = PBXBuildFile; fileRef = E5190A5E1D49B5A7003130E2 /* map_pin.png */; };
		E53FD7681D4ED2A500FD73BD /* LayerMenuViewController.m in Sources */ = {isa = PBXBuildFile; fileRef = E53FD7661D4ED2A500FD73BD /* LayerMenuViewController.m */; };
		E53FD7691D4ED2A500FD73BD /* LayerMenuViewController.xib in Resources */ = {isa = PBXBuildFile; fileRef = E53FD7671D4ED2A500FD73BD /* LayerMenuViewController.xib */; };
		E568627A1D4F097800761466 /* RATreeView.framework in Frameworks */ = {isa = PBXBuildFile; fileRef = E56862751D4F096A00761466 /* RATreeView.framework */; };
		E568627B1D4F127A00761466 /* RATreeView.framework in Frameworks */ = {isa = PBXBuildFile; fileRef = E56862751D4F096A00761466 /* RATreeView.framework */; };
		E568627C1D4F127A00761466 /* RATreeView.framework in Embed Frameworks */ = {isa = PBXBuildFile; fileRef = E56862751D4F096A00761466 /* RATreeView.framework */; settings = {ATTRIBUTES = (CodeSignOnCopy, RemoveHeadersOnCopy, ); }; };
		E56E10F81D51CA51004B47F7 /* ic_linestring.png in Resources */ = {isa = PBXBuildFile; fileRef = E56E10F31D51CA51004B47F7 /* ic_linestring.png */; };
		E56E10F91D51CA51004B47F7 /* ic_point.png in Resources */ = {isa = PBXBuildFile; fileRef = E56E10F41D51CA51004B47F7 /* ic_point.png */; };
		E56E10FA1D51CA51004B47F7 /* ic_polygon.png in Resources */ = {isa = PBXBuildFile; fileRef = E56E10F51D51CA51004B47F7 /* ic_polygon.png */; };
		E56E10FB1D51CA51004B47F7 /* ic_tiles.png in Resources */ = {isa = PBXBuildFile; fileRef = E56E10F61D51CA51004B47F7 /* ic_tiles.png */; };
		E56E10FC1D51CA51004B47F7 /* indexed.png in Resources */ = {isa = PBXBuildFile; fileRef = E56E10F71D51CA51004B47F7 /* indexed.png */; };
		E56E11041D51D4E3004B47F7 /* LayerTableViewCell.m in Sources */ = {isa = PBXBuildFile; fileRef = E56E11021D51D4E3004B47F7 /* LayerTableViewCell.m */; };
		E56E11051D51D4E3004B47F7 /* LayerTableViewCell.xib in Resources */ = {isa = PBXBuildFile; fileRef = E56E11031D51D4E3004B47F7 /* LayerTableViewCell.xib */; };
		E56E11071D53DB95004B47F7 /* ic_geometry.png in Resources */ = {isa = PBXBuildFile; fileRef = E56E11061D53DB95004B47F7 /* ic_geometry.png */; };
		E56E4A7D1E831FCC008F0194 /* WhirlyGlobeMaplyComponent.framework in Frameworks */ = {isa = PBXBuildFile; fileRef = E56E4A7A1E831FB4008F0194 /* WhirlyGlobeMaplyComponent.framework */; };
		E5823DBC1EA01D6B00889932 /* GPKGFeatureAttributeAccess.mm in Sources */ = {isa = PBXBuildFile; fileRef = E5823DB11EA01D6B00889932 /* GPKGFeatureAttributeAccess.mm */; };
		E5823DBD1EA01D6B00889932 /* GPKGFeatureTileSource.m in Sources */ = {isa = PBXBuildFile; fileRef = E5823DB31EA01D6B00889932 /* GPKGFeatureTileSource.m */; };
		E5823DBE1EA01D6B00889932 /* GPKGRTreeIndex.m in Sources */ = {isa = PBXBuildFile; fileRef = E5823DB51EA01D6B00889932 /* GPKGRTreeIndex.m */; };
		E5823DBF1EA01D6B00889932 /* GPKGRTreeIndexDao.m in Sources */ = {isa = PBXBuildFile; fileRef = E5823DB71EA01D6B00889932 /* GPKGRTreeIndexDao.m */; };
		E5823DC01EA01D6B00889932 /* GPKGRTreeIndexResults.m in Sources */ = {isa = PBXBuildFile; fileRef = E5823DB91EA01D6B00889932 /* GPKGRTreeIndexResults.m */; };
		E5823DC11EA01D6B00889932 /* GPKGTileSource.m in Sources */ = {isa = PBXBuildFile; fileRef = E5823DBB1EA01D6B00889932 /* GPKGTileSource.m */; };
		E5A3577E1DBDBA3400680149 /* mainNAVL.sld in Resources */ = {isa = PBXBuildFile; fileRef = E5A3577D1DBDBA3400680149 /* mainNAVL.sld */; };
		E5A357851DBEA18D00680149 /* DME.png in Resources */ = {isa = PBXBuildFile; fileRef = E5A3577F1DBEA18D00680149 /* DME.png */; };
		E5A357861DBEA18D00680149 /* NDB.png in Resources */ = {isa = PBXBuildFile; fileRef = E5A357801DBEA18D00680149 /* NDB.png */; };
		E5A357871DBEA18D00680149 /* VOR.png in Resources */ = {isa = PBXBuildFile; fileRef = E5A357811DBEA18D00680149 /* VOR.png */; };
		E5A357881DBEA18D00680149 /* TACAN.png in Resources */ = {isa = PBXBuildFile; fileRef = E5A357821DBEA18D00680149 /* TACAN.png */; };
		E5A357891DBEA18D00680149 /* VORDME.png in Resources */ = {isa = PBXBuildFile; fileRef = E5A357831DBEA18D00680149 /* VORDME.png */; };
		E5A3578A1DBEA18D00680149 /* VORTAC.png in Resources */ = {isa = PBXBuildFile; fileRef = E5A357841DBEA18D00680149 /* VORTAC.png */; };
		E5B566B41D3FD29400DB0FD1 /* StartupViewController.m in Sources */ = {isa = PBXBuildFile; fileRef = E5B566B31D3FD29400DB0FD1 /* StartupViewController.m */; };
		E5B566B71D3FE33C00DB0FD1 /* ListTileTablesViewController.m in Sources */ = {isa = PBXBuildFile; fileRef = E5B566B61D3FE33C00DB0FD1 /* ListTileTablesViewController.m */; };
		E5BD7D7B1D380DD500519CB9 /* rivers.gpkg in Resources */ = {isa = PBXBuildFile; fileRef = E5BD7D781D380DD500519CB9 /* rivers.gpkg */; };
		E5D84F5E1D37F58300D5AF18 /* main.m in Sources */ = {isa = PBXBuildFile; fileRef = E5D84F5D1D37F58300D5AF18 /* main.m */; };
		E5D84F611D37F58300D5AF18 /* AppDelegate.m in Sources */ = {isa = PBXBuildFile; fileRef = E5D84F601D37F58300D5AF18 /* AppDelegate.m */; };
		E5D84F641D37F58300D5AF18 /* TilePyramidViewController.m in Sources */ = {isa = PBXBuildFile; fileRef = E5D84F631D37F58300D5AF18 /* TilePyramidViewController.m */; };
		E5D84F671D37F58300D5AF18 /* Main.storyboard in Resources */ = {isa = PBXBuildFile; fileRef = E5D84F651D37F58300D5AF18 /* Main.storyboard */; };
		E5D84F691D37F58300D5AF18 /* Assets.xcassets in Resources */ = {isa = PBXBuildFile; fileRef = E5D84F681D37F58300D5AF18 /* Assets.xcassets */; };
		E5D84F6C1D37F58300D5AF18 /* LaunchScreen.storyboard in Resources */ = {isa = PBXBuildFile; fileRef = E5D84F6A1D37F58300D5AF18 /* LaunchScreen.storyboard */; };
		E5D84F861D38015700D5AF18 /* CoreLocation.framework in Frameworks */ = {isa = PBXBuildFile; fileRef = E5D84F851D38015700D5AF18 /* CoreLocation.framework */; };
		E5D84F881D38015E00D5AF18 /* libc++.tbd in Frameworks */ = {isa = PBXBuildFile; fileRef = E5D84F871D38015E00D5AF18 /* libc++.tbd */; };
		E5D84F8A1D38016400D5AF18 /* libz.tbd in Frameworks */ = {isa = PBXBuildFile; fileRef = E5D84F891D38016400D5AF18 /* libz.tbd */; };
		E5D84F8C1D38016B00D5AF18 /* libxml2.tbd in Frameworks */ = {isa = PBXBuildFile; fileRef = E5D84F8B1D38016B00D5AF18 /* libxml2.tbd */; };
		E5D84F8E1D38017200D5AF18 /* libsqlite3.tbd in Frameworks */ = {isa = PBXBuildFile; fileRef = E5D84F8D1D38017200D5AF18 /* libsqlite3.tbd */; };
		E5F576D01DD19A49009282C6 /* bounds.json in Resources */ = {isa = PBXBuildFile; fileRef = E5F576CF1DD19A49009282C6 /* bounds.json */; };
		E5F576D21DD19A50009282C6 /* default.sld in Resources */ = {isa = PBXBuildFile; fileRef = E5F576D11DD19A50009282C6 /* default.sld */; };
/* End PBXBuildFile section */

/* Begin PBXContainerItemProxy section */
		E56862721D4F096A00761466 /* PBXContainerItemProxy */ = {
			isa = PBXContainerItemProxy;
			containerPortal = E568626C1D4F096A00761466 /* RATreeView.xcodeproj */;
			proxyType = 2;
			remoteGlobalIDString = A50D0BE21CA34E3F00EC9402;
			remoteInfo = "RATreeView OSX";
		};
		E56862741D4F096A00761466 /* PBXContainerItemProxy */ = {
			isa = PBXContainerItemProxy;
			containerPortal = E568626C1D4F096A00761466 /* RATreeView.xcodeproj */;
			proxyType = 2;
			remoteGlobalIDString = 0626D5571BF7E81E00CD3B04;
			remoteInfo = "RATreeView iOS";
		};
		E56862761D4F096A00761466 /* PBXContainerItemProxy */ = {
			isa = PBXContainerItemProxy;
			containerPortal = E568626C1D4F096A00761466 /* RATreeView.xcodeproj */;
			proxyType = 2;
			remoteGlobalIDString = 0626D6941BF8A37800CD3B04;
			remoteInfo = RATreeViewTests;
		};
		E568627D1D4F127A00761466 /* PBXContainerItemProxy */ = {
			isa = PBXContainerItemProxy;
			containerPortal = E568626C1D4F096A00761466 /* RATreeView.xcodeproj */;
			proxyType = 1;
			remoteGlobalIDString = 0626D5561BF7E81E00CD3B04;
			remoteInfo = "RATreeView iOS";
		};
		E56E4A791E831FB4008F0194 /* PBXContainerItemProxy */ = {
			isa = PBXContainerItemProxy;
			containerPortal = E56E4A741E831FB3008F0194 /* WhirlyGlobeMaplyComponent.xcodeproj */;
			proxyType = 2;
			remoteGlobalIDString = 2BE536FF1D2499E500B60FAD;
			remoteInfo = WhirlyGlobeMaplyComponent;
		};
		E56E4A7B1E831FB4008F0194 /* PBXContainerItemProxy */ = {
			isa = PBXContainerItemProxy;
			containerPortal = E56E4A741E831FB3008F0194 /* WhirlyGlobeMaplyComponent.xcodeproj */;
			proxyType = 2;
			remoteGlobalIDString = 2BE537091D2499E500B60FAD;
			remoteInfo = WhirlyGlobeMaplyComponentTests;
		};
		E5D84F801D38010200D5AF18 /* PBXContainerItemProxy */ = {
			isa = PBXContainerItemProxy;
			containerPortal = E5D84F7A1D38010100D5AF18 /* WhirlyGlobeMaplyComponent.xcodeproj */;
			proxyType = 2;
			remoteGlobalIDString = 2BE536FF1D2499E500B60FAD;
			remoteInfo = WhirlyGlobeMaplyComponent;
		};
		E5D84F821D38010200D5AF18 /* PBXContainerItemProxy */ = {
			isa = PBXContainerItemProxy;
			containerPortal = E5D84F7A1D38010100D5AF18 /* WhirlyGlobeMaplyComponent.xcodeproj */;
			proxyType = 2;
			remoteGlobalIDString = 2BE537091D2499E500B60FAD;
			remoteInfo = WhirlyGlobeMaplyComponentTests;
		};
/* End PBXContainerItemProxy section */

/* Begin PBXCopyFilesBuildPhase section */
		E568627F1D4F127A00761466 /* Embed Frameworks */ = {
			isa = PBXCopyFilesBuildPhase;
			buildActionMask = 2147483647;
			dstPath = "";
			dstSubfolderSpec = 10;
			files = (
				E568627C1D4F127A00761466 /* RATreeView.framework in Embed Frameworks */,
			);
			name = "Embed Frameworks";
			runOnlyForDeploymentPostprocessing = 0;
		};
/* End PBXCopyFilesBuildPhase section */

/* Begin PBXFileReference section */
		58468FBE490675646BC1E021 /* Pods-WGMaplyGPkgTest.debug.xcconfig */ = {isa = PBXFileReference; includeInIndex = 1; lastKnownFileType = text.xcconfig; name = "Pods-WGMaplyGPkgTest.debug.xcconfig"; path = "Pods/Target Support Files/Pods-WGMaplyGPkgTest/Pods-WGMaplyGPkgTest.debug.xcconfig"; sourceTree = "<group>"; };
		7035D2E3588AEB66A14C7E74 /* libPods-WGMaplyGPkgTest.a */ = {isa = PBXFileReference; explicitFileType = archive.ar; includeInIndex = 0; path = "libPods-WGMaplyGPkgTest.a"; sourceTree = BUILT_PRODUCTS_DIR; };
		E5190A5E1D49B5A7003130E2 /* map_pin.png */ = {isa = PBXFileReference; lastKnownFileType = image.png; path = map_pin.png; sourceTree = "<group>"; };
		E53FD7651D4ED2A500FD73BD /* LayerMenuViewController.h */ = {isa = PBXFileReference; fileEncoding = 4; lastKnownFileType = sourcecode.c.h; path = LayerMenuViewController.h; sourceTree = "<group>"; };
		E53FD7661D4ED2A500FD73BD /* LayerMenuViewController.m */ = {isa = PBXFileReference; fileEncoding = 4; lastKnownFileType = sourcecode.c.objc; path = LayerMenuViewController.m; sourceTree = "<group>"; };
		E53FD7671D4ED2A500FD73BD /* LayerMenuViewController.xib */ = {isa = PBXFileReference; fileEncoding = 4; lastKnownFileType = file.xib; path = LayerMenuViewController.xib; sourceTree = "<group>"; };
		E568626C1D4F096A00761466 /* RATreeView.xcodeproj */ = {isa = PBXFileReference; lastKnownFileType = "wrapper.pb-project"; name = RATreeView.xcodeproj; path = ../libs/RATreeView/RATreeView/RATreeView.xcodeproj; sourceTree = "<group>"; };
		E56E10F31D51CA51004B47F7 /* ic_linestring.png */ = {isa = PBXFileReference; lastKnownFileType = image.png; name = ic_linestring.png; path = icons/ic_linestring.png; sourceTree = "<group>"; };
		E56E10F41D51CA51004B47F7 /* ic_point.png */ = {isa = PBXFileReference; lastKnownFileType = image.png; name = ic_point.png; path = icons/ic_point.png; sourceTree = "<group>"; };
		E56E10F51D51CA51004B47F7 /* ic_polygon.png */ = {isa = PBXFileReference; lastKnownFileType = image.png; name = ic_polygon.png; path = icons/ic_polygon.png; sourceTree = "<group>"; };
		E56E10F61D51CA51004B47F7 /* ic_tiles.png */ = {isa = PBXFileReference; lastKnownFileType = image.png; name = ic_tiles.png; path = icons/ic_tiles.png; sourceTree = "<group>"; };
		E56E10F71D51CA51004B47F7 /* indexed.png */ = {isa = PBXFileReference; lastKnownFileType = image.png; name = indexed.png; path = icons/indexed.png; sourceTree = "<group>"; };
		E56E11011D51D4E3004B47F7 /* LayerTableViewCell.h */ = {isa = PBXFileReference; fileEncoding = 4; lastKnownFileType = sourcecode.c.h; path = LayerTableViewCell.h; sourceTree = "<group>"; };
		E56E11021D51D4E3004B47F7 /* LayerTableViewCell.m */ = {isa = PBXFileReference; fileEncoding = 4; lastKnownFileType = sourcecode.c.objc; path = LayerTableViewCell.m; sourceTree = "<group>"; };
		E56E11031D51D4E3004B47F7 /* LayerTableViewCell.xib */ = {isa = PBXFileReference; fileEncoding = 4; lastKnownFileType = file.xib; path = LayerTableViewCell.xib; sourceTree = "<group>"; };
		E56E11061D53DB95004B47F7 /* ic_geometry.png */ = {isa = PBXFileReference; lastKnownFileType = image.png; name = ic_geometry.png; path = icons/ic_geometry.png; sourceTree = "<group>"; };
		E56E4A741E831FB3008F0194 /* WhirlyGlobeMaplyComponent.xcodeproj */ = {isa = PBXFileReference; lastKnownFileType = "wrapper.pb-project"; name = WhirlyGlobeMaplyComponent.xcodeproj; path = "../libs/WhirlyGlobe/ios/library/WhirlyGlobe-MaplyComponent/WhirlyGlobeMaplyComponent.xcodeproj"; sourceTree = "<group>"; };
		E5823DB01EA01D6B00889932 /* GPKGFeatureAttributeAccess.h */ = {isa = PBXFileReference; fileEncoding = 4; lastKnownFileType = sourcecode.c.h; name = GPKGFeatureAttributeAccess.h; path = ../WGMaplyGeoPackage/GPKGFeatureAttributeAccess.h; sourceTree = "<group>"; };
		E5823DB11EA01D6B00889932 /* GPKGFeatureAttributeAccess.mm */ = {isa = PBXFileReference; fileEncoding = 4; lastKnownFileType = sourcecode.cpp.objcpp; name = GPKGFeatureAttributeAccess.mm; path = ../WGMaplyGeoPackage/GPKGFeatureAttributeAccess.mm; sourceTree = "<group>"; };
		E5823DB21EA01D6B00889932 /* GPKGFeatureTileSource.h */ = {isa = PBXFileReference; fileEncoding = 4; lastKnownFileType = sourcecode.c.h; name = GPKGFeatureTileSource.h; path = ../WGMaplyGeoPackage/GPKGFeatureTileSource.h; sourceTree = "<group>"; };
		E5823DB31EA01D6B00889932 /* GPKGFeatureTileSource.m */ = {isa = PBXFileReference; fileEncoding = 4; lastKnownFileType = sourcecode.c.objc; name = GPKGFeatureTileSource.m; path = ../WGMaplyGeoPackage/GPKGFeatureTileSource.m; sourceTree = "<group>"; };
		E5823DB41EA01D6B00889932 /* GPKGRTreeIndex.h */ = {isa = PBXFileReference; fileEncoding = 4; lastKnownFileType = sourcecode.c.h; name = GPKGRTreeIndex.h; path = ../WGMaplyGeoPackage/GPKGRTreeIndex.h; sourceTree = "<group>"; };
		E5823DB51EA01D6B00889932 /* GPKGRTreeIndex.m */ = {isa = PBXFileReference; fileEncoding = 4; lastKnownFileType = sourcecode.c.objc; name = GPKGRTreeIndex.m; path = ../WGMaplyGeoPackage/GPKGRTreeIndex.m; sourceTree = "<group>"; };
		E5823DB61EA01D6B00889932 /* GPKGRTreeIndexDao.h */ = {isa = PBXFileReference; fileEncoding = 4; lastKnownFileType = sourcecode.c.h; name = GPKGRTreeIndexDao.h; path = ../WGMaplyGeoPackage/GPKGRTreeIndexDao.h; sourceTree = "<group>"; };
		E5823DB71EA01D6B00889932 /* GPKGRTreeIndexDao.m */ = {isa = PBXFileReference; fileEncoding = 4; lastKnownFileType = sourcecode.c.objc; name = GPKGRTreeIndexDao.m; path = ../WGMaplyGeoPackage/GPKGRTreeIndexDao.m; sourceTree = "<group>"; };
		E5823DB81EA01D6B00889932 /* GPKGRTreeIndexResults.h */ = {isa = PBXFileReference; fileEncoding = 4; lastKnownFileType = sourcecode.c.h; name = GPKGRTreeIndexResults.h; path = ../WGMaplyGeoPackage/GPKGRTreeIndexResults.h; sourceTree = "<group>"; };
		E5823DB91EA01D6B00889932 /* GPKGRTreeIndexResults.m */ = {isa = PBXFileReference; fileEncoding = 4; lastKnownFileType = sourcecode.c.objc; name = GPKGRTreeIndexResults.m; path = ../WGMaplyGeoPackage/GPKGRTreeIndexResults.m; sourceTree = "<group>"; };
		E5823DBA1EA01D6B00889932 /* GPKGTileSource.h */ = {isa = PBXFileReference; fileEncoding = 4; lastKnownFileType = sourcecode.c.h; name = GPKGTileSource.h; path = ../WGMaplyGeoPackage/GPKGTileSource.h; sourceTree = "<group>"; };
		E5823DBB1EA01D6B00889932 /* GPKGTileSource.m */ = {isa = PBXFileReference; fileEncoding = 4; lastKnownFileType = sourcecode.c.objc; name = GPKGTileSource.m; path = ../WGMaplyGeoPackage/GPKGTileSource.m; sourceTree = "<group>"; };
		E5A3577D1DBDBA3400680149 /* mainNAVL.sld */ = {isa = PBXFileReference; fileEncoding = 4; lastKnownFileType = text.xml; path = mainNAVL.sld; sourceTree = "<group>"; };
		E5A3577F1DBEA18D00680149 /* DME.png */ = {isa = PBXFileReference; lastKnownFileType = image.png; path = DME.png; sourceTree = "<group>"; };
		E5A357801DBEA18D00680149 /* NDB.png */ = {isa = PBXFileReference; lastKnownFileType = image.png; path = NDB.png; sourceTree = "<group>"; };
		E5A357811DBEA18D00680149 /* VOR.png */ = {isa = PBXFileReference; lastKnownFileType = image.png; path = VOR.png; sourceTree = "<group>"; };
		E5A357821DBEA18D00680149 /* TACAN.png */ = {isa = PBXFileReference; lastKnownFileType = image.png; path = TACAN.png; sourceTree = "<group>"; };
		E5A357831DBEA18D00680149 /* VORDME.png */ = {isa = PBXFileReference; lastKnownFileType = image.png; path = VORDME.png; sourceTree = "<group>"; };
		E5A357841DBEA18D00680149 /* VORTAC.png */ = {isa = PBXFileReference; lastKnownFileType = image.png; path = VORTAC.png; sourceTree = "<group>"; };
		E5A6D1CB90C7D5ACE416306A /* Pods-WGMaplyGPkgTest.release.xcconfig */ = {isa = PBXFileReference; includeInIndex = 1; lastKnownFileType = text.xcconfig; name = "Pods-WGMaplyGPkgTest.release.xcconfig"; path = "Pods/Target Support Files/Pods-WGMaplyGPkgTest/Pods-WGMaplyGPkgTest.release.xcconfig"; sourceTree = "<group>"; };
		E5B566B21D3FD29400DB0FD1 /* StartupViewController.h */ = {isa = PBXFileReference; fileEncoding = 4; lastKnownFileType = sourcecode.c.h; path = StartupViewController.h; sourceTree = "<group>"; };
		E5B566B31D3FD29400DB0FD1 /* StartupViewController.m */ = {isa = PBXFileReference; fileEncoding = 4; lastKnownFileType = sourcecode.c.objc; path = StartupViewController.m; sourceTree = "<group>"; };
		E5B566B51D3FE33C00DB0FD1 /* ListTileTablesViewController.h */ = {isa = PBXFileReference; fileEncoding = 4; lastKnownFileType = sourcecode.c.h; path = ListTileTablesViewController.h; sourceTree = "<group>"; };
		E5B566B61D3FE33C00DB0FD1 /* ListTileTablesViewController.m */ = {isa = PBXFileReference; fileEncoding = 4; lastKnownFileType = sourcecode.c.objc; path = ListTileTablesViewController.m; sourceTree = "<group>"; };
		E5BD7D781D380DD500519CB9 /* rivers.gpkg */ = {isa = PBXFileReference; lastKnownFileType = file; name = rivers.gpkg; path = ../../sampleData/rivers.gpkg; sourceTree = "<group>"; };
		E5D84F591D37F58300D5AF18 /* WGMaplyGPkgTest.app */ = {isa = PBXFileReference; explicitFileType = wrapper.application; includeInIndex = 0; path = WGMaplyGPkgTest.app; sourceTree = BUILT_PRODUCTS_DIR; };
		E5D84F5D1D37F58300D5AF18 /* main.m */ = {isa = PBXFileReference; lastKnownFileType = sourcecode.c.objc; path = main.m; sourceTree = "<group>"; };
		E5D84F5F1D37F58300D5AF18 /* AppDelegate.h */ = {isa = PBXFileReference; lastKnownFileType = sourcecode.c.h; path = AppDelegate.h; sourceTree = "<group>"; };
		E5D84F601D37F58300D5AF18 /* AppDelegate.m */ = {isa = PBXFileReference; lastKnownFileType = sourcecode.c.objc; path = AppDelegate.m; sourceTree = "<group>"; };
		E5D84F621D37F58300D5AF18 /* TilePyramidViewController.h */ = {isa = PBXFileReference; lastKnownFileType = sourcecode.c.h; path = TilePyramidViewController.h; sourceTree = "<group>"; };
		E5D84F631D37F58300D5AF18 /* TilePyramidViewController.m */ = {isa = PBXFileReference; lastKnownFileType = sourcecode.c.objc; path = TilePyramidViewController.m; sourceTree = "<group>"; };
		E5D84F661D37F58300D5AF18 /* Base */ = {isa = PBXFileReference; lastKnownFileType = file.storyboard; name = Base; path = Base.lproj/Main.storyboard; sourceTree = "<group>"; };
		E5D84F681D37F58300D5AF18 /* Assets.xcassets */ = {isa = PBXFileReference; lastKnownFileType = folder.assetcatalog; path = Assets.xcassets; sourceTree = "<group>"; };
		E5D84F6B1D37F58300D5AF18 /* Base */ = {isa = PBXFileReference; lastKnownFileType = file.storyboard; name = Base; path = Base.lproj/LaunchScreen.storyboard; sourceTree = "<group>"; };
		E5D84F6D1D37F58300D5AF18 /* Info.plist */ = {isa = PBXFileReference; lastKnownFileType = text.plist.xml; path = Info.plist; sourceTree = "<group>"; };
		E5D84F751D37FF4100D5AF18 /* GPkgTestConfig.h */ = {isa = PBXFileReference; fileEncoding = 4; lastKnownFileType = sourcecode.c.h; path = GPkgTestConfig.h; sourceTree = "<group>"; };
		E5D84F7A1D38010100D5AF18 /* WhirlyGlobeMaplyComponent.xcodeproj */ = {isa = PBXFileReference; lastKnownFileType = "wrapper.pb-project"; name = WhirlyGlobeMaplyComponent.xcodeproj; path = "../libs/WhirlyGlobe/ios/library/WhirlyGlobe-MaplyComponent/WhirlyGlobeMaplyComponent.xcodeproj"; sourceTree = "<group>"; };
		E5D84F851D38015700D5AF18 /* CoreLocation.framework */ = {isa = PBXFileReference; lastKnownFileType = wrapper.framework; name = CoreLocation.framework; path = System/Library/Frameworks/CoreLocation.framework; sourceTree = SDKROOT; };
		E5D84F871D38015E00D5AF18 /* libc++.tbd */ = {isa = PBXFileReference; lastKnownFileType = "sourcecode.text-based-dylib-definition"; name = "libc++.tbd"; path = "usr/lib/libc++.tbd"; sourceTree = SDKROOT; };
		E5D84F891D38016400D5AF18 /* libz.tbd */ = {isa = PBXFileReference; lastKnownFileType = "sourcecode.text-based-dylib-definition"; name = libz.tbd; path = usr/lib/libz.tbd; sourceTree = SDKROOT; };
		E5D84F8B1D38016B00D5AF18 /* libxml2.tbd */ = {isa = PBXFileReference; lastKnownFileType = "sourcecode.text-based-dylib-definition"; name = libxml2.tbd; path = usr/lib/libxml2.tbd; sourceTree = SDKROOT; };
		E5D84F8D1D38017200D5AF18 /* libsqlite3.tbd */ = {isa = PBXFileReference; lastKnownFileType = "sourcecode.text-based-dylib-definition"; name = libsqlite3.tbd; path = usr/lib/libsqlite3.tbd; sourceTree = SDKROOT; };
		E5F576CF1DD19A49009282C6 /* bounds.json */ = {isa = PBXFileReference; fileEncoding = 4; lastKnownFileType = text.json; name = bounds.json; path = ../../libs/WhirlyGlobe/resources/srs/bounds.json; sourceTree = "<group>"; };
		E5F576D11DD19A50009282C6 /* default.sld */ = {isa = PBXFileReference; fileEncoding = 4; lastKnownFileType = text.xml; name = default.sld; path = ../../libs/WhirlyGlobe/resources/vectors/styles/default.sld; sourceTree = "<group>"; };
/* End PBXFileReference section */

/* Begin PBXFrameworksBuildPhase section */
		E5D84F561D37F58300D5AF18 /* Frameworks */ = {
			isa = PBXFrameworksBuildPhase;
			buildActionMask = 2147483647;
			files = (
				E56E4A7D1E831FCC008F0194 /* WhirlyGlobeMaplyComponent.framework in Frameworks */,
				E568627A1D4F097800761466 /* RATreeView.framework in Frameworks */,
				E5D84F8E1D38017200D5AF18 /* libsqlite3.tbd in Frameworks */,
				E568627B1D4F127A00761466 /* RATreeView.framework in Frameworks */,
				E5D84F8C1D38016B00D5AF18 /* libxml2.tbd in Frameworks */,
				E5D84F8A1D38016400D5AF18 /* libz.tbd in Frameworks */,
				E5D84F881D38015E00D5AF18 /* libc++.tbd in Frameworks */,
				E5D84F861D38015700D5AF18 /* CoreLocation.framework in Frameworks */,
				53D73DD20E561EA6253260D0 /* libPods-WGMaplyGPkgTest.a in Frameworks */,
			);
			runOnlyForDeploymentPostprocessing = 0;
		};
/* End PBXFrameworksBuildPhase section */

/* Begin PBXGroup section */
		5877722F8265A0C7942B11C1 /* Frameworks */ = {
			isa = PBXGroup;
			children = (
				E56E4A741E831FB3008F0194 /* WhirlyGlobeMaplyComponent.xcodeproj */,
				E568626C1D4F096A00761466 /* RATreeView.xcodeproj */,
				E5D84F8D1D38017200D5AF18 /* libsqlite3.tbd */,
				E5D84F8B1D38016B00D5AF18 /* libxml2.tbd */,
				E5D84F891D38016400D5AF18 /* libz.tbd */,
				E5D84F871D38015E00D5AF18 /* libc++.tbd */,
				E5D84F851D38015700D5AF18 /* CoreLocation.framework */,
				E5D84F7A1D38010100D5AF18 /* WhirlyGlobeMaplyComponent.xcodeproj */,
				7035D2E3588AEB66A14C7E74 /* libPods-WGMaplyGPkgTest.a */,
			);
			name = Frameworks;
			sourceTree = "<group>";
		};
		E568626D1D4F096A00761466 /* Products */ = {
			isa = PBXGroup;
			children = (
				E56862731D4F096A00761466 /* RATreeView.framework */,
				E56862751D4F096A00761466 /* RATreeView.framework */,
				E56862771D4F096A00761466 /* RATreeViewTests.xctest */,
			);
			name = Products;
			sourceTree = "<group>";
		};
		E56E4A751E831FB3008F0194 /* Products */ = {
			isa = PBXGroup;
			children = (
				E56E4A7A1E831FB4008F0194 /* WhirlyGlobeMaplyComponent.framework */,
				E56E4A7C1E831FB4008F0194 /* WhirlyGlobeMaplyComponentTests.xctest */,
			);
			name = Products;
			sourceTree = "<group>";
		};
		E5823DA91EA01D2500889932 /* WGMaplyGeoPackage */ = {
			isa = PBXGroup;
			children = (
				E5823DB01EA01D6B00889932 /* GPKGFeatureAttributeAccess.h */,
				E5823DB11EA01D6B00889932 /* GPKGFeatureAttributeAccess.mm */,
				E5823DB21EA01D6B00889932 /* GPKGFeatureTileSource.h */,
				E5823DB31EA01D6B00889932 /* GPKGFeatureTileSource.m */,
				E5823DB41EA01D6B00889932 /* GPKGRTreeIndex.h */,
				E5823DB51EA01D6B00889932 /* GPKGRTreeIndex.m */,
				E5823DB61EA01D6B00889932 /* GPKGRTreeIndexDao.h */,
				E5823DB71EA01D6B00889932 /* GPKGRTreeIndexDao.m */,
				E5823DB81EA01D6B00889932 /* GPKGRTreeIndexResults.h */,
				E5823DB91EA01D6B00889932 /* GPKGRTreeIndexResults.m */,
				E5823DBA1EA01D6B00889932 /* GPKGTileSource.h */,
				E5823DBB1EA01D6B00889932 /* GPKGTileSource.m */,
			);
			name = WGMaplyGeoPackage;
			sourceTree = "<group>";
		};
		E5D84F501D37F58300D5AF18 = {
			isa = PBXGroup;
			children = (
				E5823DA91EA01D2500889932 /* WGMaplyGeoPackage */,
				E5D84F5B1D37F58300D5AF18 /* WGMaplyGPkgTest */,
				E5D84F5A1D37F58300D5AF18 /* Products */,
				E7502AA4295695A349D4F389 /* Pods */,
				5877722F8265A0C7942B11C1 /* Frameworks */,
			);
			sourceTree = "<group>";
		};
		E5D84F5A1D37F58300D5AF18 /* Products */ = {
			isa = PBXGroup;
			children = (
				E5D84F591D37F58300D5AF18 /* WGMaplyGPkgTest.app */,
			);
			name = Products;
			sourceTree = "<group>";
		};
		E5D84F5B1D37F58300D5AF18 /* WGMaplyGPkgTest */ = {
			isa = PBXGroup;
			children = (
				E5D84F751D37FF4100D5AF18 /* GPkgTestConfig.h */,
				E5D84F5F1D37F58300D5AF18 /* AppDelegate.h */,
				E5D84F601D37F58300D5AF18 /* AppDelegate.m */,
				E5D84F621D37F58300D5AF18 /* TilePyramidViewController.h */,
				E5D84F631D37F58300D5AF18 /* TilePyramidViewController.m */,
				E5D84F651D37F58300D5AF18 /* Main.storyboard */,
				E5D84F681D37F58300D5AF18 /* Assets.xcassets */,
				E5D84F6A1D37F58300D5AF18 /* LaunchScreen.storyboard */,
				E5D84F6D1D37F58300D5AF18 /* Info.plist */,
				E5D84F5C1D37F58300D5AF18 /* Supporting Files */,
				E5B566B21D3FD29400DB0FD1 /* StartupViewController.h */,
				E5B566B31D3FD29400DB0FD1 /* StartupViewController.m */,
				E5B566B51D3FE33C00DB0FD1 /* ListTileTablesViewController.h */,
				E5B566B61D3FE33C00DB0FD1 /* ListTileTablesViewController.m */,
				E56E11011D51D4E3004B47F7 /* LayerTableViewCell.h */,
				E56E11021D51D4E3004B47F7 /* LayerTableViewCell.m */,
				E56E11031D51D4E3004B47F7 /* LayerTableViewCell.xib */,
				E53FD7651D4ED2A500FD73BD /* LayerMenuViewController.h */,
				E53FD7661D4ED2A500FD73BD /* LayerMenuViewController.m */,
				E53FD7671D4ED2A500FD73BD /* LayerMenuViewController.xib */,
			);
			path = WGMaplyGPkgTest;
			sourceTree = "<group>";
		};
		E5D84F5C1D37F58300D5AF18 /* Supporting Files */ = {
			isa = PBXGroup;
			children = (
				E5F576CA1DD19A1A009282C6 /* Resources */,
				E5A3577D1DBDBA3400680149 /* mainNAVL.sld */,
				E5A3577F1DBEA18D00680149 /* DME.png */,
				E5A357801DBEA18D00680149 /* NDB.png */,
				E5A357811DBEA18D00680149 /* VOR.png */,
				E5A357821DBEA18D00680149 /* TACAN.png */,
				E5A357831DBEA18D00680149 /* VORDME.png */,
				E5A357841DBEA18D00680149 /* VORTAC.png */,
				E56E11061D53DB95004B47F7 /* ic_geometry.png */,
				E56E10F31D51CA51004B47F7 /* ic_linestring.png */,
				E56E10F41D51CA51004B47F7 /* ic_point.png */,
				E56E10F51D51CA51004B47F7 /* ic_polygon.png */,
				E56E10F61D51CA51004B47F7 /* ic_tiles.png */,
				E56E10F71D51CA51004B47F7 /* indexed.png */,
				E5190A5E1D49B5A7003130E2 /* map_pin.png */,
				E5BD7D781D380DD500519CB9 /* rivers.gpkg */,
				E5D84F5D1D37F58300D5AF18 /* main.m */,
			);
			name = "Supporting Files";
			sourceTree = "<group>";
		};
		E5D84F7B1D38010100D5AF18 /* Products */ = {
			isa = PBXGroup;
			children = (
				E5D84F811D38010200D5AF18 /* WhirlyGlobeMaplyComponent.framework */,
				E5D84F831D38010200D5AF18 /* WhirlyGlobeMaplyComponentTests.xctest */,
			);
			name = Products;
			sourceTree = "<group>";
		};
		E5F576CA1DD19A1A009282C6 /* Resources */ = {
			isa = PBXGroup;
			children = (
				E5F576D11DD19A50009282C6 /* default.sld */,
				E5F576CF1DD19A49009282C6 /* bounds.json */,
			);
			name = Resources;
			sourceTree = "<group>";
		};
		E7502AA4295695A349D4F389 /* Pods */ = {
			isa = PBXGroup;
			children = (
				58468FBE490675646BC1E021 /* Pods-WGMaplyGPkgTest.debug.xcconfig */,
				E5A6D1CB90C7D5ACE416306A /* Pods-WGMaplyGPkgTest.release.xcconfig */,
			);
			name = Pods;
			sourceTree = "<group>";
		};
/* End PBXGroup section */

/* Begin PBXNativeTarget section */
		E5D84F581D37F58300D5AF18 /* WGMaplyGPkgTest */ = {
			isa = PBXNativeTarget;
			buildConfigurationList = E5D84F701D37F58300D5AF18 /* Build configuration list for PBXNativeTarget "WGMaplyGPkgTest" */;
			buildPhases = (
				3373A6B13B5B70B7CF84DA09 /* [CP] Check Pods Manifest.lock */,
				E5D84F551D37F58300D5AF18 /* Sources */,
				E5D84F561D37F58300D5AF18 /* Frameworks */,
				E5D84F571D37F58300D5AF18 /* Resources */,
				9AA11281737963984E258681 /* [CP] Embed Pods Frameworks */,
				16472AD0E9FB84B62A9F567E /* [CP] Copy Pods Resources */,
				E568627F1D4F127A00761466 /* Embed Frameworks */,
			);
			buildRules = (
			);
			dependencies = (
				E568627E1D4F127A00761466 /* PBXTargetDependency */,
			);
			name = WGMaplyGPkgTest;
			productName = WGMaplyGPkgTest;
			productReference = E5D84F591D37F58300D5AF18 /* WGMaplyGPkgTest.app */;
			productType = "com.apple.product-type.application";
		};
/* End PBXNativeTarget section */

/* Begin PBXProject section */
		E5D84F511D37F58300D5AF18 /* Project object */ = {
			isa = PBXProject;
			attributes = {
				LastUpgradeCheck = 0730;
				ORGANIZATIONNAME = "Ranen Ghosh";
				TargetAttributes = {
					E5D84F581D37F58300D5AF18 = {
						CreatedOnToolsVersion = 7.3;
						DevelopmentTeam = N36KFA45EM;
						ProvisioningStyle = Automatic;
					};
				};
			};
			buildConfigurationList = E5D84F541D37F58300D5AF18 /* Build configuration list for PBXProject "WGMaplyGPkgTest" */;
			compatibilityVersion = "Xcode 3.2";
			developmentRegion = English;
			hasScannedForEncodings = 0;
			knownRegions = (
				en,
				Base,
			);
			mainGroup = E5D84F501D37F58300D5AF18;
			productRefGroup = E5D84F5A1D37F58300D5AF18 /* Products */;
			projectDirPath = "";
			projectReferences = (
				{
					ProductGroup = E568626D1D4F096A00761466 /* Products */;
					ProjectRef = E568626C1D4F096A00761466 /* RATreeView.xcodeproj */;
				},
				{
					ProductGroup = E56E4A751E831FB3008F0194 /* Products */;
					ProjectRef = E56E4A741E831FB3008F0194 /* WhirlyGlobeMaplyComponent.xcodeproj */;
				},
				{
					ProductGroup = E5D84F7B1D38010100D5AF18 /* Products */;
					ProjectRef = E5D84F7A1D38010100D5AF18 /* WhirlyGlobeMaplyComponent.xcodeproj */;
				},
			);
			projectRoot = "";
			targets = (
				E5D84F581D37F58300D5AF18 /* WGMaplyGPkgTest */,
			);
		};
/* End PBXProject section */

/* Begin PBXReferenceProxy section */
		E56862731D4F096A00761466 /* RATreeView.framework */ = {
			isa = PBXReferenceProxy;
			fileType = wrapper.framework;
			path = RATreeView.framework;
			remoteRef = E56862721D4F096A00761466 /* PBXContainerItemProxy */;
			sourceTree = BUILT_PRODUCTS_DIR;
		};
		E56862751D4F096A00761466 /* RATreeView.framework */ = {
			isa = PBXReferenceProxy;
			fileType = wrapper.framework;
			path = RATreeView.framework;
			remoteRef = E56862741D4F096A00761466 /* PBXContainerItemProxy */;
			sourceTree = BUILT_PRODUCTS_DIR;
		};
		E56862771D4F096A00761466 /* RATreeViewTests.xctest */ = {
			isa = PBXReferenceProxy;
			fileType = wrapper.cfbundle;
			path = RATreeViewTests.xctest;
			remoteRef = E56862761D4F096A00761466 /* PBXContainerItemProxy */;
			sourceTree = BUILT_PRODUCTS_DIR;
		};
		E56E4A7A1E831FB4008F0194 /* WhirlyGlobeMaplyComponent.framework */ = {
			isa = PBXReferenceProxy;
			fileType = wrapper.framework;
			path = WhirlyGlobeMaplyComponent.framework;
			remoteRef = E56E4A791E831FB4008F0194 /* PBXContainerItemProxy */;
			sourceTree = BUILT_PRODUCTS_DIR;
		};
		E56E4A7C1E831FB4008F0194 /* WhirlyGlobeMaplyComponentTests.xctest */ = {
			isa = PBXReferenceProxy;
			fileType = wrapper.cfbundle;
			path = WhirlyGlobeMaplyComponentTests.xctest;
			remoteRef = E56E4A7B1E831FB4008F0194 /* PBXContainerItemProxy */;
			sourceTree = BUILT_PRODUCTS_DIR;
		};
		E5D84F811D38010200D5AF18 /* WhirlyGlobeMaplyComponent.framework */ = {
			isa = PBXReferenceProxy;
			fileType = wrapper.framework;
			path = WhirlyGlobeMaplyComponent.framework;
			remoteRef = E5D84F801D38010200D5AF18 /* PBXContainerItemProxy */;
			sourceTree = BUILT_PRODUCTS_DIR;
		};
		E5D84F831D38010200D5AF18 /* WhirlyGlobeMaplyComponentTests.xctest */ = {
			isa = PBXReferenceProxy;
			fileType = wrapper.cfbundle;
			path = WhirlyGlobeMaplyComponentTests.xctest;
			remoteRef = E5D84F821D38010200D5AF18 /* PBXContainerItemProxy */;
			sourceTree = BUILT_PRODUCTS_DIR;
		};
/* End PBXReferenceProxy section */

/* Begin PBXResourcesBuildPhase section */
		E5D84F571D37F58300D5AF18 /* Resources */ = {
			isa = PBXResourcesBuildPhase;
			buildActionMask = 2147483647;
			files = (
				E5A357851DBEA18D00680149 /* DME.png in Resources */,
				E56E11051D51D4E3004B47F7 /* LayerTableViewCell.xib in Resources */,
				E5D84F6C1D37F58300D5AF18 /* LaunchScreen.storyboard in Resources */,
				E5A357871DBEA18D00680149 /* VOR.png in Resources */,
				E53FD7691D4ED2A500FD73BD /* LayerMenuViewController.xib in Resources */,
				E5F576D21DD19A50009282C6 /* default.sld in Resources */,
				E5A3577E1DBDBA3400680149 /* mainNAVL.sld in Resources */,
				E5190A5F1D49B5A7003130E2 /* map_pin.png in Resources */,
				E56E10FA1D51CA51004B47F7 /* ic_polygon.png in Resources */,
				E5A357881DBEA18D00680149 /* TACAN.png in Resources */,
				E5D84F691D37F58300D5AF18 /* Assets.xcassets in Resources */,
				E56E10F91D51CA51004B47F7 /* ic_point.png in Resources */,
				E5D84F671D37F58300D5AF18 /* Main.storyboard in Resources */,
				E5A3578A1DBEA18D00680149 /* VORTAC.png in Resources */,
				E56E11071D53DB95004B47F7 /* ic_geometry.png in Resources */,
				E56E10FB1D51CA51004B47F7 /* ic_tiles.png in Resources */,
				E5A357861DBEA18D00680149 /* NDB.png in Resources */,
				E56E10F81D51CA51004B47F7 /* ic_linestring.png in Resources */,
				E5BD7D7B1D380DD500519CB9 /* rivers.gpkg in Resources */,
				E5F576D01DD19A49009282C6 /* bounds.json in Resources */,
				E5A357891DBEA18D00680149 /* VORDME.png in Resources */,
				E56E10FC1D51CA51004B47F7 /* indexed.png in Resources */,
			);
			runOnlyForDeploymentPostprocessing = 0;
		};
/* End PBXResourcesBuildPhase section */

/* Begin PBXShellScriptBuildPhase section */
		16472AD0E9FB84B62A9F567E /* [CP] Copy Pods Resources */ = {
			isa = PBXShellScriptBuildPhase;
			buildActionMask = 2147483647;
			files = (
			);
			inputPaths = (
			);
			name = "[CP] Copy Pods Resources";
			outputPaths = (
			);
			runOnlyForDeploymentPostprocessing = 0;
			shellPath = /bin/sh;
			shellScript = "\"${SRCROOT}/Pods/Target Support Files/Pods-WGMaplyGPkgTest/Pods-WGMaplyGPkgTest-resources.sh\"\n";
			showEnvVarsInLog = 0;
		};
		3373A6B13B5B70B7CF84DA09 /* [CP] Check Pods Manifest.lock */ = {
			isa = PBXShellScriptBuildPhase;
			buildActionMask = 2147483647;
			files = (
			);
			inputPaths = (
			);
			name = "[CP] Check Pods Manifest.lock";
			outputPaths = (
			);
			runOnlyForDeploymentPostprocessing = 0;
			shellPath = /bin/sh;
			shellScript = "diff \"${PODS_ROOT}/../Podfile.lock\" \"${PODS_ROOT}/Manifest.lock\" > /dev/null\nif [ $? != 0 ] ; then\n    # print error to STDERR\n    echo \"error: The sandbox is not in sync with the Podfile.lock. Run 'pod install' or update your CocoaPods installation.\" >&2\n    exit 1\nfi\n";
			showEnvVarsInLog = 0;
		};
		9AA11281737963984E258681 /* [CP] Embed Pods Frameworks */ = {
			isa = PBXShellScriptBuildPhase;
			buildActionMask = 2147483647;
			files = (
			);
			inputPaths = (
			);
			name = "[CP] Embed Pods Frameworks";
			outputPaths = (
			);
			runOnlyForDeploymentPostprocessing = 0;
			shellPath = /bin/sh;
			shellScript = "\"${SRCROOT}/Pods/Target Support Files/Pods-WGMaplyGPkgTest/Pods-WGMaplyGPkgTest-frameworks.sh\"\n";
			showEnvVarsInLog = 0;
		};
/* End PBXShellScriptBuildPhase section */

/* Begin PBXSourcesBuildPhase section */
		E5D84F551D37F58300D5AF18 /* Sources */ = {
			isa = PBXSourcesBuildPhase;
			buildActionMask = 2147483647;
			files = (
				E5823DBC1EA01D6B00889932 /* GPKGFeatureAttributeAccess.mm in Sources */,
				E5D84F641D37F58300D5AF18 /* TilePyramidViewController.m in Sources */,
				E5B566B41D3FD29400DB0FD1 /* StartupViewController.m in Sources */,
				E5D84F611D37F58300D5AF18 /* AppDelegate.m in Sources */,
				E5823DBD1EA01D6B00889932 /* GPKGFeatureTileSource.m in Sources */,
				E5823DBF1EA01D6B00889932 /* GPKGRTreeIndexDao.m in Sources */,
				E53FD7681D4ED2A500FD73BD /* LayerMenuViewController.m in Sources */,
				E5823DC01EA01D6B00889932 /* GPKGRTreeIndexResults.m in Sources */,
				E5823DBE1EA01D6B00889932 /* GPKGRTreeIndex.m in Sources */,
				E5823DC11EA01D6B00889932 /* GPKGTileSource.m in Sources */,
				E56E11041D51D4E3004B47F7 /* LayerTableViewCell.m in Sources */,
				E5B566B71D3FE33C00DB0FD1 /* ListTileTablesViewController.m in Sources */,
				E5D84F5E1D37F58300D5AF18 /* main.m in Sources */,
			);
			runOnlyForDeploymentPostprocessing = 0;
		};
/* End PBXSourcesBuildPhase section */

/* Begin PBXTargetDependency section */
		E568627E1D4F127A00761466 /* PBXTargetDependency */ = {
			isa = PBXTargetDependency;
			name = "RATreeView iOS";
			targetProxy = E568627D1D4F127A00761466 /* PBXContainerItemProxy */;
		};
/* End PBXTargetDependency section */

/* Begin PBXVariantGroup section */
		E5D84F651D37F58300D5AF18 /* Main.storyboard */ = {
			isa = PBXVariantGroup;
			children = (
				E5D84F661D37F58300D5AF18 /* Base */,
			);
			name = Main.storyboard;
			sourceTree = "<group>";
		};
		E5D84F6A1D37F58300D5AF18 /* LaunchScreen.storyboard */ = {
			isa = PBXVariantGroup;
			children = (
				E5D84F6B1D37F58300D5AF18 /* Base */,
			);
			name = LaunchScreen.storyboard;
			sourceTree = "<group>";
		};
/* End PBXVariantGroup section */

/* Begin XCBuildConfiguration section */
		E5D84F6E1D37F58300D5AF18 /* Debug */ = {
			isa = XCBuildConfiguration;
			buildSettings = {
				ALWAYS_SEARCH_USER_PATHS = NO;
				CLANG_ANALYZER_NONNULL = YES;
				CLANG_CXX_LANGUAGE_STANDARD = "gnu++0x";
				CLANG_CXX_LIBRARY = "libc++";
				CLANG_ENABLE_MODULES = YES;
				CLANG_ENABLE_OBJC_ARC = YES;
				CLANG_WARN_BOOL_CONVERSION = YES;
				CLANG_WARN_CONSTANT_CONVERSION = YES;
				CLANG_WARN_DIRECT_OBJC_ISA_USAGE = YES_ERROR;
				CLANG_WARN_EMPTY_BODY = YES;
				CLANG_WARN_ENUM_CONVERSION = YES;
				CLANG_WARN_INT_CONVERSION = YES;
				CLANG_WARN_OBJC_ROOT_CLASS = YES_ERROR;
				CLANG_WARN_UNREACHABLE_CODE = YES;
				CLANG_WARN__DUPLICATE_METHOD_MATCH = YES;
				"CODE_SIGN_IDENTITY[sdk=iphoneos*]" = "iPhone Developer";
				COPY_PHASE_STRIP = NO;
				DEBUG_INFORMATION_FORMAT = dwarf;
				ENABLE_STRICT_OBJC_MSGSEND = YES;
				ENABLE_TESTABILITY = YES;
				GCC_C_LANGUAGE_STANDARD = gnu99;
				GCC_DYNAMIC_NO_PIC = NO;
				GCC_NO_COMMON_BLOCKS = YES;
				GCC_OPTIMIZATION_LEVEL = 0;
				GCC_PREPROCESSOR_DEFINITIONS = (
					"DEBUG=1",
					"$(inherited)",
				);
				GCC_WARN_64_TO_32_BIT_CONVERSION = YES;
				GCC_WARN_ABOUT_RETURN_TYPE = YES_ERROR;
				GCC_WARN_UNDECLARED_SELECTOR = YES;
				GCC_WARN_UNINITIALIZED_AUTOS = YES_AGGRESSIVE;
				GCC_WARN_UNUSED_FUNCTION = YES;
				GCC_WARN_UNUSED_VARIABLE = YES;
				IPHONEOS_DEPLOYMENT_TARGET = 9.3;
				MTL_ENABLE_DEBUG_INFO = YES;
				ONLY_ACTIVE_ARCH = YES;
				SDKROOT = iphoneos;
				TARGETED_DEVICE_FAMILY = 2;
			};
			name = Debug;
		};
		E5D84F6F1D37F58300D5AF18 /* Release */ = {
			isa = XCBuildConfiguration;
			buildSettings = {
				ALWAYS_SEARCH_USER_PATHS = NO;
				CLANG_ANALYZER_NONNULL = YES;
				CLANG_CXX_LANGUAGE_STANDARD = "gnu++0x";
				CLANG_CXX_LIBRARY = "libc++";
				CLANG_ENABLE_MODULES = YES;
				CLANG_ENABLE_OBJC_ARC = YES;
				CLANG_WARN_BOOL_CONVERSION = YES;
				CLANG_WARN_CONSTANT_CONVERSION = YES;
				CLANG_WARN_DIRECT_OBJC_ISA_USAGE = YES_ERROR;
				CLANG_WARN_EMPTY_BODY = YES;
				CLANG_WARN_ENUM_CONVERSION = YES;
				CLANG_WARN_INT_CONVERSION = YES;
				CLANG_WARN_OBJC_ROOT_CLASS = YES_ERROR;
				CLANG_WARN_UNREACHABLE_CODE = YES;
				CLANG_WARN__DUPLICATE_METHOD_MATCH = YES;
				"CODE_SIGN_IDENTITY[sdk=iphoneos*]" = "iPhone Developer";
				COPY_PHASE_STRIP = NO;
				DEBUG_INFORMATION_FORMAT = "dwarf-with-dsym";
				ENABLE_NS_ASSERTIONS = NO;
				ENABLE_STRICT_OBJC_MSGSEND = YES;
				GCC_C_LANGUAGE_STANDARD = gnu99;
				GCC_NO_COMMON_BLOCKS = YES;
				GCC_WARN_64_TO_32_BIT_CONVERSION = YES;
				GCC_WARN_ABOUT_RETURN_TYPE = YES_ERROR;
				GCC_WARN_UNDECLARED_SELECTOR = YES;
				GCC_WARN_UNINITIALIZED_AUTOS = YES_AGGRESSIVE;
				GCC_WARN_UNUSED_FUNCTION = YES;
				GCC_WARN_UNUSED_VARIABLE = YES;
				IPHONEOS_DEPLOYMENT_TARGET = 9.3;
				MTL_ENABLE_DEBUG_INFO = NO;
				SDKROOT = iphoneos;
				TARGETED_DEVICE_FAMILY = 2;
				VALIDATE_PRODUCT = YES;
			};
			name = Release;
		};
		E5D84F711D37F58300D5AF18 /* Debug */ = {
			isa = XCBuildConfiguration;
			baseConfigurationReference = 58468FBE490675646BC1E021 /* Pods-WGMaplyGPkgTest.debug.xcconfig */;
			buildSettings = {
				ASSETCATALOG_COMPILER_APPICON_NAME = AppIcon;
				"CODE_SIGN_IDENTITY[sdk=iphoneos*]" = "iPhone Developer";
				DEVELOPMENT_TEAM = N36KFA45EM;
				HEADER_SEARCH_PATHS = (
					"$(inherited)",
					"\"${PODS_ROOT}/Headers/Public\"",
					"\"${PODS_ROOT}/Headers/Public/AFNetworking\"",
					"\"${PODS_ROOT}/Headers/Public/geopackage-ios\"",
					"\"${PODS_ROOT}/Headers/Public/proj4\"",
					"\"${PODS_ROOT}/Headers/Public/wkb-ios\"",
					"\"$(SRCROOT)/../libs/WhirlyGlobe/ios/library/WhirlyGlobe-MaplyComponent/include\"",
					"\"$(SRCROOT)/../libs/RATreeView/RATreeView/RATreeView\"",
					"\"$(SRCROOT)/../libs/WhirlyGlobe/ios/library/WhirlyGlobe-MaplyComponent/include/vector_tiles\"",
					"\"$(SRCROOT)/../libs/WhirlyGlobe/third-party/KissXML/KissXML\"",
					"\"$(SDKROOT)/usr/include/libxml2\"",
					"\"$(SRCROOT)/../libs/WhirlyGlobe/ios/library/WhirlyGlobeLib/include\"",
					"\"$(SRCROOT)/../libs/WhirlyGlobe/ios/library/WhirlyGlobe-MaplyComponent/include/private\"",
					"\"$(SRCROOT)/../libs/WhirlyGlobe/third-party/eigen/\"",
					"\"$(SRCROOT)/../WGMaplyGeoPackage\"",
				);
				INFOPLIST_FILE = WGMaplyGPkgTest/Info.plist;
				IPHONEOS_DEPLOYMENT_TARGET = 8.0;
				LD_RUNPATH_SEARCH_PATHS = "$(inherited) @executable_path/Frameworks";
				PRODUCT_BUNDLE_IDENTIFIER = com.ranenghosh.WGMaplyGPkgTest;
				PRODUCT_NAME = "$(TARGET_NAME)";
			};
			name = Debug;
		};
		E5D84F721D37F58300D5AF18 /* Release */ = {
			isa = XCBuildConfiguration;
			baseConfigurationReference = E5A6D1CB90C7D5ACE416306A /* Pods-WGMaplyGPkgTest.release.xcconfig */;
			buildSettings = {
				ASSETCATALOG_COMPILER_APPICON_NAME = AppIcon;
				"CODE_SIGN_IDENTITY[sdk=iphoneos*]" = "iPhone Developer";
				DEVELOPMENT_TEAM = N36KFA45EM;
				HEADER_SEARCH_PATHS = (
					"$(inherited)",
					"\"${PODS_ROOT}/Headers/Public\"",
					"\"${PODS_ROOT}/Headers/Public/AFNetworking\"",
					"\"${PODS_ROOT}/Headers/Public/geopackage-ios\"",
					"\"${PODS_ROOT}/Headers/Public/proj4\"",
					"\"${PODS_ROOT}/Headers/Public/wkb-ios\"",
					"\"$(SRCROOT)/../libs/WhirlyGlobe/ios/library/WhirlyGlobe-MaplyComponent/include\"",
					"\"$(SRCROOT)/../libs/RATreeView/RATreeView/RATreeView\"",
					"\"$(SRCROOT)/../libs/WhirlyGlobe/ios/library/WhirlyGlobe-MaplyComponent/include/vector_tiles\"",
					"\"$(SRCROOT)/../libs/WhirlyGlobe/third-party/KissXML/KissXML\"",
					"\"$(SDKROOT)/usr/include/libxml2\"",
					"\"$(SRCROOT)/../libs/WhirlyGlobe/ios/library/WhirlyGlobeLib/include\"",
					"\"$(SRCROOT)/../libs/WhirlyGlobe/ios/library/WhirlyGlobe-MaplyComponent/include/private\"",
					"\"$(SRCROOT)/../libs/WhirlyGlobe/third-party/eigen/\"",
					"\"$(SRCROOT)/../WGMaplyGeoPackage\"",
				);
				INFOPLIST_FILE = WGMaplyGPkgTest/Info.plist;
				IPHONEOS_DEPLOYMENT_TARGET = 8.0;
				LD_RUNPATH_SEARCH_PATHS = "$(inherited) @executable_path/Frameworks";
				PRODUCT_BUNDLE_IDENTIFIER = com.ranenghosh.WGMaplyGPkgTest;
				PRODUCT_NAME = "$(TARGET_NAME)";
			};
			name = Release;
		};
/* End XCBuildConfiguration section */

/* Begin XCConfigurationList section */
		E5D84F541D37F58300D5AF18 /* Build configuration list for PBXProject "WGMaplyGPkgTest" */ = {
			isa = XCConfigurationList;
			buildConfigurations = (
				E5D84F6E1D37F58300D5AF18 /* Debug */,
				E5D84F6F1D37F58300D5AF18 /* Release */,
			);
			defaultConfigurationIsVisible = 0;
			defaultConfigurationName = Release;
		};
		E5D84F701D37F58300D5AF18 /* Build configuration list for PBXNativeTarget "WGMaplyGPkgTest" */ = {
			isa = XCConfigurationList;
			buildConfigurations = (
				E5D84F711D37F58300D5AF18 /* Debug */,
				E5D84F721D37F58300D5AF18 /* Release */,
			);
			defaultConfigurationIsVisible = 0;
			defaultConfigurationName = Release;
		};
/* End XCConfigurationList section */
	};
	rootObject = E5D84F511D37F58300D5AF18 /* Project object */;
}
